// !$*UTF8*$!
{
	archiveVersion = 1;
	classes = {
	};
	objectVersion = 46;
	objects = {

/* Begin PBXBuildFile section */
		84B8FA28172FBC5C008B788D /* UIKit.framework in Frameworks */ = {isa = PBXBuildFile; fileRef = 84B8FA27172FBC5C008B788D /* UIKit.framework */; };
		84B8FA2A172FBC5C008B788D /* Foundation.framework in Frameworks */ = {isa = PBXBuildFile; fileRef = 84B8FA29172FBC5C008B788D /* Foundation.framework */; };
		84B8FA2C172FBC5C008B788D /* CoreGraphics.framework in Frameworks */ = {isa = PBXBuildFile; fileRef = 84B8FA2B172FBC5C008B788D /* CoreGraphics.framework */; };
		84B8FA32172FBC5C008B788D /* InfoPlist.strings in Resources */ = {isa = PBXBuildFile; fileRef = 84B8FA30172FBC5C008B788D /* InfoPlist.strings */; };
		84B8FA34172FBC5C008B788D /* main.m in Sources */ = {isa = PBXBuildFile; fileRef = 84B8FA33172FBC5C008B788D /* main.m */; };
		84B8FA38172FBC5C008B788D /* AppDelegate.m in Sources */ = {isa = PBXBuildFile; fileRef = 84B8FA37172FBC5C008B788D /* AppDelegate.m */; };
		84B8FA3B172FBC5C008B788D /* ViewController.m in Sources */ = {isa = PBXBuildFile; fileRef = 84B8FA3A172FBC5C008B788D /* ViewController.m */; };
		84B8FA3E172FBC5C008B788D /* ViewController.xib in Resources */ = {isa = PBXBuildFile; fileRef = 84B8FA3C172FBC5C008B788D /* ViewController.xib */; };
/* End PBXBuildFile section */

/* Begin PBXFileReference section */
		84B8FA23172FBC5C008B788D /* Current time display in label.app */ = {isa = PBXFileReference; explicitFileType = wrapper.application; includeInIndex = 0; path = "Current time display in label.app"; sourceTree = BUILT_PRODUCTS_DIR; };
		84B8FA27172FBC5C008B788D /* UIKit.framework */ = {isa = PBXFileReference; lastKnownFileType = wrapper.framework; name = UIKit.framework; path = System/Library/Frameworks/UIKit.framework; sourceTree = SDKROOT; };
		84B8FA29172FBC5C008B788D /* Foundation.framework */ = {isa = PBXFileReference; lastKnownFileType = wrapper.framework; name = Foundation.framework; path = System/Library/Frameworks/Foundation.framework; sourceTree = SDKROOT; };
		84B8FA2B172FBC5C008B788D /* CoreGraphics.framework */ = {isa = PBXFileReference; lastKnownFileType = wrapper.framework; name = CoreGraphics.framework; path = System/Library/Frameworks/CoreGraphics.framework; sourceTree = SDKROOT; };
		84B8FA2F172FBC5C008B788D /* Current time display in label-Info.plist */ = {isa = PBXFileReference; lastKnownFileType = text.plist.xml; path = "Current time display in label-Info.plist"; sourceTree = "<group>"; };
		84B8FA31172FBC5C008B788D /* en */ = {isa = PBXFileReference; lastKnownFileType = text.plist.strings; name = en; path = en.lproj/InfoPlist.strings; sourceTree = "<group>"; };
		84B8FA33172FBC5C008B788D /* main.m */ = {isa = PBXFileReference; lastKnownFileType = sourcecode.c.objc; path = main.m; sourceTree = "<group>"; };
		84B8FA35172FBC5C008B788D /* Current time display in label-Prefix.pch */ = {isa = PBXFileReference; lastKnownFileType = sourcecode.c.h; path = "Current time display in label-Prefix.pch"; sourceTree = "<group>"; };
		84B8FA36172FBC5C008B788D /* AppDelegate.h */ = {isa = PBXFileReference; lastKnownFileType = sourcecode.c.h; path = AppDelegate.h; sourceTree = "<group>"; };
		84B8FA37172FBC5C008B788D /* AppDelegate.m */ = {isa = PBXFileReference; lastKnownFileType = sourcecode.c.objc; path = AppDelegate.m; sourceTree = "<group>"; };
		84B8FA39172FBC5C008B788D /* ViewController.h */ = {isa = PBXFileReference; lastKnownFileType = sourcecode.c.h; path = ViewController.h; sourceTree = "<group>"; };
		84B8FA3A172FBC5C008B788D /* ViewController.m */ = {isa = PBXFileReference; lastKnownFileType = sourcecode.c.objc; path = ViewController.m; sourceTree = "<group>"; };
		84B8FA3D172FBC5C008B788D /* en */ = {isa = PBXFileReference; lastKnownFileType = file.xib; name = en; path = en.lproj/ViewController.xib; sourceTree = "<group>"; };
/* End PBXFileReference section */

/* Begin PBXFrameworksBuildPhase section */
		84B8FA20172FBC5C008B788D /* Frameworks */ = {
			isa = PBXFrameworksBuildPhase;
			buildActionMask = 2147483647;
			files = (
				84B8FA28172FBC5C008B788D /* UIKit.framework in Frameworks */,
				84B8FA2A172FBC5C008B788D /* Foundation.framework in Frameworks */,
				84B8FA2C172FBC5C008B788D /* CoreGraphics.framework in Frameworks */,
			);
			runOnlyForDeploymentPostprocessing = 0;
		};
/* End PBXFrameworksBuildPhase section */

/* Begin PBXGroup section */
		84B8FA18172FBC5C008B788D = {
			isa = PBXGroup;
			children = (
				84B8FA2D172FBC5C008B788D /* Current time display in label */,
				84B8FA26172FBC5C008B788D /* Frameworks */,
				84B8FA24172FBC5C008B788D /* Products */,
			);
			sourceTree = "<group>";
		};
		84B8FA24172FBC5C008B788D /* Products */ = {
			isa = PBXGroup;
			children = (
				84B8FA23172FBC5C008B788D /* Current time display in label.app */,
			);
			name = Products;
			sourceTree = "<group>";
		};
		84B8FA26172FBC5C008B788D /* Frameworks */ = {
			isa = PBXGroup;
			children = (
				84B8FA27172FBC5C008B788D /* UIKit.framework */,
				84B8FA29172FBC5C008B788D /* Foundation.framework */,
				84B8FA2B172FBC5C008B788D /* CoreGraphics.framework */,
			);
			name = Frameworks;
			sourceTree = "<group>";
		};
		84B8FA2D172FBC5C008B788D /* Current time display in label */ = {
			isa = PBXGroup;
			children = (
				84B8FA36172FBC5C008B788D /* AppDelegate.h */,
				84B8FA37172FBC5C008B788D /* AppDelegate.m */,
				84B8FA39172FBC5C008B788D /* ViewController.h */,
				84B8FA3A172FBC5C008B788D /* ViewController.m */,
				84B8FA3C172FBC5C008B788D /* ViewController.xib */,
				84B8FA2E172FBC5C008B788D /* Supporting Files */,
			);
			path = "Current time display in label";
			sourceTree = "<group>";
		};
		84B8FA2E172FBC5C008B788D /* Supporting Files */ = {
			isa = PBXGroup;
			children = (
				84B8FA2F172FBC5C008B788D /* Current time display in label-Info.plist */,
				84B8FA30172FBC5C008B788D /* InfoPlist.strings */,
				84B8FA33172FBC5C008B788D /* main.m */,
				84B8FA35172FBC5C008B788D /* Current time display in label-Prefix.pch */,
			);
			name = "Supporting Files";
			sourceTree = "<group>";
		};
/* End PBXGroup section */

/* Begin PBXNativeTarget section */
		84B8FA22172FBC5C008B788D /* Current time display in label */ = {
			isa = PBXNativeTarget;
			buildConfigurationList = 84B8FA41172FBC5C008B788D /* Build configuration list for PBXNativeTarget "Current time display in label" */;
			buildPhases = (
				84B8FA1F172FBC5C008B788D /* Sources */,
				84B8FA20172FBC5C008B788D /* Frameworks */,
				84B8FA21172FBC5C008B788D /* Resources */,
			);
			buildRules = (
			);
			dependencies = (
			);
			name = "Current time display in label";
			productName = "Current time display in label";
			productReference = 84B8FA23172FBC5C008B788D /* Current time display in label.app */;
			productType = "com.apple.product-type.application";
		};
/* End PBXNativeTarget section */

/* Begin PBXProject section */
		84B8FA1A172FBC5C008B788D /* Project object */ = {
			isa = PBXProject;
			attributes = {
				LastUpgradeCheck = 0420;
			};
			buildConfigurationList = 84B8FA1D172FBC5C008B788D /* Build configuration list for PBXProject "Current time display in label" */;
			compatibilityVersion = "Xcode 3.2";
			developmentRegion = English;
			hasScannedForEncodings = 0;
			knownRegions = (
				en,
			);
			mainGroup = 84B8FA18172FBC5C008B788D;
			productRefGroup = 84B8FA24172FBC5C008B788D /* Products */;
			projectDirPath = "";
			projectRoot = "";
			targets = (
				84B8FA22172FBC5C008B788D /* Current time display in label */,
			);
		};
/* End PBXProject section */

/* Begin PBXResourcesBuildPhase section */
		84B8FA21172FBC5C008B788D /* Resources */ = {
			isa = PBXResourcesBuildPhase;
			buildActionMask = 2147483647;
			files = (
				84B8FA32172FBC5C008B788D /* InfoPlist.strings in Resources */,
				84B8FA3E172FBC5C008B788D /* ViewController.xib in Resources */,
			);
			runOnlyForDeploymentPostprocessing = 0;
		};
/* End PBXResourcesBuildPhase section */

/* Begin PBXSourcesBuildPhase section */
		84B8FA1F172FBC5C008B788D /* Sources */ = {
			isa = PBXSourcesBuildPhase;
			buildActionMask = 2147483647;
			files = (
				84B8FA34172FBC5C008B788D /* main.m in Sources */,
				84B8FA38172FBC5C008B788D /* AppDelegate.m in Sources */,
				84B8FA3B172FBC5C008B788D /* ViewController.m in Sources */,
			);
			runOnlyForDeploymentPostprocessing = 0;
		};
/* End PBXSourcesBuildPhase section */

/* Begin PBXVariantGroup section */
		84B8FA30172FBC5C008B788D /* InfoPlist.strings */ = {
			isa = PBXVariantGroup;
			children = (
				84B8FA31172FBC5C008B788D /* en */,
			);
			name = InfoPlist.strings;
			sourceTree = "<group>";
		};
		84B8FA3C172FBC5C008B788D /* ViewController.xib */ = {
			isa = PBXVariantGroup;
			children = (
				84B8FA3D172FBC5C008B788D /* en */,
			);
			name = ViewController.xib;
			sourceTree = "<group>";
		};
/* End PBXVariantGroup section */

/* Begin XCBuildConfiguration section */
		84B8FA3F172FBC5C008B788D /* Debug */ = {
			isa = XCBuildConfiguration;
			buildSettings = {
				ALWAYS_SEARCH_USER_PATHS = NO;
				ARCHS = "$(ARCHS_STANDARD_32_BIT)";
				CLANG_ENABLE_OBJC_ARC = YES;
				"CODE_SIGN_IDENTITY[sdk=iphoneos*]" = "iPhone Developer";
				COPY_PHASE_STRIP = NO;
				GCC_C_LANGUAGE_STANDARD = gnu99;
				GCC_DYNAMIC_NO_PIC = NO;
				GCC_OPTIMIZATION_LEVEL = 0;
				GCC_PREPROCESSOR_DEFINITIONS = (
					"DEBUG=1",
					"$(inherited)",
				);
				GCC_SYMBOLS_PRIVATE_EXTERN = NO;
				GCC_VERSION = com.apple.compilers.llvm.clang.1_0;
				GCC_WARN_ABOUT_MISSING_PROTOTYPES = YES;
				GCC_WARN_ABOUT_RETURN_TYPE = YES;
				GCC_WARN_UNUSED_VARIABLE = YES;
				IPHONEOS_DEPLOYMENT_TARGET = 5.0;
				SDKROOT = iphoneos;
			};
			name = Debug;
		};
		84B8FA40172FBC5C008B788D /* Release */ = {
			isa = XCBuildConfiguration;
			buildSettings = {
				ALWAYS_SEARCH_USER_PATHS = NO;
				ARCHS = "$(ARCHS_STANDARD_32_BIT)";
				CLANG_ENABLE_OBJC_ARC = YES;
				"CODE_SIGN_IDENTITY[sdk=iphoneos*]" = "iPhone Developer";
				COPY_PHASE_STRIP = YES;
				GCC_C_LANGUAGE_STANDARD = gnu99;
				GCC_VERSION = com.apple.compilers.llvm.clang.1_0;
				GCC_WARN_ABOUT_MISSING_PROTOTYPES = YES;
				GCC_WARN_ABOUT_RETURN_TYPE = YES;
				GCC_WARN_UNUSED_VARIABLE = YES;
				IPHONEOS_DEPLOYMENT_TARGET = 5.0;
				OTHER_CFLAGS = "-DNS_BLOCK_ASSERTIONS=1";
				SDKROOT = iphoneos;
				VALIDATE_PRODUCT = YES;
			};
			name = Release;
		};
		84B8FA42172FBC5C008B788D /* Debug */ = {
			isa = XCBuildConfiguration;
			buildSettings = {
				GCC_PRECOMPILE_PREFIX_HEADER = YES;
				GCC_PREFIX_HEADER = "Current time display in label/Current time display in label-Prefix.pch";
				INFOPLIST_FILE = "Current time display in label/Current time display in label-Info.plist";
				IPHONEOS_DEPLOYMENT_TARGET = 5.1;
				PRODUCT_NAME = "$(TARGET_NAME)";
				WRAPPER_EXTENSION = app;
			};
			name = Debug;
		};
		84B8FA43172FBC5C008B788D /* Release */ = {
			isa = XCBuildConfiguration;
			buildSettings = {
				GCC_PRECOMPILE_PREFIX_HEADER = YES;
				GCC_PREFIX_HEADER = "Current time display in label/Current time display in label-Prefix.pch";
				INFOPLIST_FILE = "Current time display in label/Current time display in label-Info.plist";
				IPHONEOS_DEPLOYMENT_TARGET = 5.1;
				PRODUCT_NAME = "$(TARGET_NAME)";
				WRAPPER_EXTENSION = app;
			};
			name = Release;
		};
/* End XCBuildConfiguration section */

/* Begin XCConfigurationList section */
		84B8FA1D172FBC5C008B788D /* Build configuration list for PBXProject "Current time display in label" */ = {
			isa = XCConfigurationList;
			buildConfigurations = (
				84B8FA3F172FBC5C008B788D /* Debug */,
				84B8FA40172FBC5C008B788D /* Release */,
			);
			defaultConfigurationIsVisible = 0;
			defaultConfigurationName = Release;
		};
		84B8FA41172FBC5C008B788D /* Build configuration list for PBXNativeTarget "Current time display in label" */ = {
			isa = XCConfigurationList;
			buildConfigurations = (
				84B8FA42172FBC5C008B788D /* Debug */,
				84B8FA43172FBC5C008B788D /* Release */,
			);
			defaultConfigurationIsVisible = 0;
			defaultConfigurationName = Release;
		};
/* End XCConfigurationList section */
	};
	rootObject = 84B8FA1A172FBC5C008B788D /* Project object */;
}
