// !$*UTF8*$!
{
	archiveVersion = 1;
	classes = {
	};
	objectVersion = 46;
	objects = {

/* Begin PBXBuildFile section */
		CEF5B3F3172A9CEF00230940 /* UIKit.framework in Frameworks */ = {isa = PBXBuildFile; fileRef = CEF5B3F2172A9CEF00230940 /* UIKit.framework */; };
		CEF5B3F5172A9CEF00230940 /* Foundation.framework in Frameworks */ = {isa = PBXBuildFile; fileRef = CEF5B3F4172A9CEF00230940 /* Foundation.framework */; };
		CEF5B3F7172A9CEF00230940 /* CoreGraphics.framework in Frameworks */ = {isa = PBXBuildFile; fileRef = CEF5B3F6172A9CEF00230940 /* CoreGraphics.framework */; };
		CEF5B3FD172A9CEF00230940 /* InfoPlist.strings in Resources */ = {isa = PBXBuildFile; fileRef = CEF5B3FB172A9CEF00230940 /* InfoPlist.strings */; };
		CEF5B3FF172A9CEF00230940 /* main.m in Sources */ = {isa = PBXBuildFile; fileRef = CEF5B3FE172A9CEF00230940 /* main.m */; };
		CEF5B403172A9CEF00230940 /* AppDelegate.m in Sources */ = {isa = PBXBuildFile; fileRef = CEF5B402172A9CEF00230940 /* AppDelegate.m */; };
		CEF5B406172A9CEF00230940 /* ViewController.m in Sources */ = {isa = PBXBuildFile; fileRef = CEF5B405172A9CEF00230940 /* ViewController.m */; };
		CEF5B409172A9CF000230940 /* ViewController.xib in Resources */ = {isa = PBXBuildFile; fileRef = CEF5B407172A9CF000230940 /* ViewController.xib */; };
/* End PBXBuildFile section */

/* Begin PBXFileReference section */
		CEF5B3EE172A9CEF00230940 /* Split string.app */ = {isa = PBXFileReference; explicitFileType = wrapper.application; includeInIndex = 0; path = "Split string.app"; sourceTree = BUILT_PRODUCTS_DIR; };
		CEF5B3F2172A9CEF00230940 /* UIKit.framework */ = {isa = PBXFileReference; lastKnownFileType = wrapper.framework; name = UIKit.framework; path = System/Library/Frameworks/UIKit.framework; sourceTree = SDKROOT; };
		CEF5B3F4172A9CEF00230940 /* Foundation.framework */ = {isa = PBXFileReference; lastKnownFileType = wrapper.framework; name = Foundation.framework; path = System/Library/Frameworks/Foundation.framework; sourceTree = SDKROOT; };
		CEF5B3F6172A9CEF00230940 /* CoreGraphics.framework */ = {isa = PBXFileReference; lastKnownFileType = wrapper.framework; name = CoreGraphics.framework; path = System/Library/Frameworks/CoreGraphics.framework; sourceTree = SDKROOT; };
		CEF5B3FA172A9CEF00230940 /* Split string-Info.plist */ = {isa = PBXFileReference; lastKnownFileType = text.plist.xml; path = "Split string-Info.plist"; sourceTree = "<group>"; };
		CEF5B3FC172A9CEF00230940 /* en */ = {isa = PBXFileReference; lastKnownFileType = text.plist.strings; name = en; path = en.lproj/InfoPlist.strings; sourceTree = "<group>"; };
		CEF5B3FE172A9CEF00230940 /* main.m */ = {isa = PBXFileReference; lastKnownFileType = sourcecode.c.objc; path = main.m; sourceTree = "<group>"; };
		CEF5B400172A9CEF00230940 /* Split string-Prefix.pch */ = {isa = PBXFileReference; lastKnownFileType = sourcecode.c.h; path = "Split string-Prefix.pch"; sourceTree = "<group>"; };
		CEF5B401172A9CEF00230940 /* AppDelegate.h */ = {isa = PBXFileReference; lastKnownFileType = sourcecode.c.h; path = AppDelegate.h; sourceTree = "<group>"; };
		CEF5B402172A9CEF00230940 /* AppDelegate.m */ = {isa = PBXFileReference; lastKnownFileType = sourcecode.c.objc; path = AppDelegate.m; sourceTree = "<group>"; };
		CEF5B404172A9CEF00230940 /* ViewController.h */ = {isa = PBXFileReference; lastKnownFileType = sourcecode.c.h; path = ViewController.h; sourceTree = "<group>"; };
		CEF5B405172A9CEF00230940 /* ViewController.m */ = {isa = PBXFileReference; lastKnownFileType = sourcecode.c.objc; path = ViewController.m; sourceTree = "<group>"; };
		CEF5B408172A9CF000230940 /* en */ = {isa = PBXFileReference; lastKnownFileType = file.xib; name = en; path = en.lproj/ViewController.xib; sourceTree = "<group>"; };
/* End PBXFileReference section */

/* Begin PBXFrameworksBuildPhase section */
		CEF5B3EB172A9CEF00230940 /* Frameworks */ = {
			isa = PBXFrameworksBuildPhase;
			buildActionMask = 2147483647;
			files = (
				CEF5B3F3172A9CEF00230940 /* UIKit.framework in Frameworks */,
				CEF5B3F5172A9CEF00230940 /* Foundation.framework in Frameworks */,
				CEF5B3F7172A9CEF00230940 /* CoreGraphics.framework in Frameworks */,
			);
			runOnlyForDeploymentPostprocessing = 0;
		};
/* End PBXFrameworksBuildPhase section */

/* Begin PBXGroup section */
		CEF5B3E3172A9CEF00230940 = {
			isa = PBXGroup;
			children = (
				CEF5B3F8172A9CEF00230940 /* Split string */,
				CEF5B3F1172A9CEF00230940 /* Frameworks */,
				CEF5B3EF172A9CEF00230940 /* Products */,
			);
			sourceTree = "<group>";
		};
		CEF5B3EF172A9CEF00230940 /* Products */ = {
			isa = PBXGroup;
			children = (
				CEF5B3EE172A9CEF00230940 /* Split string.app */,
			);
			name = Products;
			sourceTree = "<group>";
		};
		CEF5B3F1172A9CEF00230940 /* Frameworks */ = {
			isa = PBXGroup;
			children = (
				CEF5B3F2172A9CEF00230940 /* UIKit.framework */,
				CEF5B3F4172A9CEF00230940 /* Foundation.framework */,
				CEF5B3F6172A9CEF00230940 /* CoreGraphics.framework */,
			);
			name = Frameworks;
			sourceTree = "<group>";
		};
		CEF5B3F8172A9CEF00230940 /* Split string */ = {
			isa = PBXGroup;
			children = (
				CEF5B401172A9CEF00230940 /* AppDelegate.h */,
				CEF5B402172A9CEF00230940 /* AppDelegate.m */,
				CEF5B404172A9CEF00230940 /* ViewController.h */,
				CEF5B405172A9CEF00230940 /* ViewController.m */,
				CEF5B407172A9CF000230940 /* ViewController.xib */,
				CEF5B3F9172A9CEF00230940 /* Supporting Files */,
			);
			path = "Split string";
			sourceTree = "<group>";
		};
		CEF5B3F9172A9CEF00230940 /* Supporting Files */ = {
			isa = PBXGroup;
			children = (
				CEF5B3FA172A9CEF00230940 /* Split string-Info.plist */,
				CEF5B3FB172A9CEF00230940 /* InfoPlist.strings */,
				CEF5B3FE172A9CEF00230940 /* main.m */,
				CEF5B400172A9CEF00230940 /* Split string-Prefix.pch */,
			);
			name = "Supporting Files";
			sourceTree = "<group>";
		};
/* End PBXGroup section */

/* Begin PBXNativeTarget section */
		CEF5B3ED172A9CEF00230940 /* Split string */ = {
			isa = PBXNativeTarget;
			buildConfigurationList = CEF5B40C172A9CF000230940 /* Build configuration list for PBXNativeTarget "Split string" */;
			buildPhases = (
				CEF5B3EA172A9CEF00230940 /* Sources */,
				CEF5B3EB172A9CEF00230940 /* Frameworks */,
				CEF5B3EC172A9CEF00230940 /* Resources */,
			);
			buildRules = (
			);
			dependencies = (
			);
			name = "Split string";
			productName = "Split string";
			productReference = CEF5B3EE172A9CEF00230940 /* Split string.app */;
			productType = "com.apple.product-type.application";
		};
/* End PBXNativeTarget section */

/* Begin PBXProject section */
		CEF5B3E5172A9CEF00230940 /* Project object */ = {
			isa = PBXProject;
			attributes = {
				LastUpgradeCheck = 0420;
			};
			buildConfigurationList = CEF5B3E8172A9CEF00230940 /* Build configuration list for PBXProject "Split string" */;
			compatibilityVersion = "Xcode 3.2";
			developmentRegion = English;
			hasScannedForEncodings = 0;
			knownRegions = (
				en,
			);
			mainGroup = CEF5B3E3172A9CEF00230940;
			productRefGroup = CEF5B3EF172A9CEF00230940 /* Products */;
			projectDirPath = "";
			projectRoot = "";
			targets = (
				CEF5B3ED172A9CEF00230940 /* Split string */,
			);
		};
/* End PBXProject section */

/* Begin PBXResourcesBuildPhase section */
		CEF5B3EC172A9CEF00230940 /* Resources */ = {
			isa = PBXResourcesBuildPhase;
			buildActionMask = 2147483647;
			files = (
				CEF5B3FD172A9CEF00230940 /* InfoPlist.strings in Resources */,
				CEF5B409172A9CF000230940 /* ViewController.xib in Resources */,
			);
			runOnlyForDeploymentPostprocessing = 0;
		};
/* End PBXResourcesBuildPhase section */

/* Begin PBXSourcesBuildPhase section */
		CEF5B3EA172A9CEF00230940 /* Sources */ = {
			isa = PBXSourcesBuildPhase;
			buildActionMask = 2147483647;
			files = (
				CEF5B3FF172A9CEF00230940 /* main.m in Sources */,
				CEF5B403172A9CEF00230940 /* AppDelegate.m in Sources */,
				CEF5B406172A9CEF00230940 /* ViewController.m in Sources */,
			);
			runOnlyForDeploymentPostprocessing = 0;
		};
/* End PBXSourcesBuildPhase section */

/* Begin PBXVariantGroup section */
		CEF5B3FB172A9CEF00230940 /* InfoPlist.strings */ = {
			isa = PBXVariantGroup;
			children = (
				CEF5B3FC172A9CEF00230940 /* en */,
			);
			name = InfoPlist.strings;
			sourceTree = "<group>";
		};
		CEF5B407172A9CF000230940 /* ViewController.xib */ = {
			isa = PBXVariantGroup;
			children = (
				CEF5B408172A9CF000230940 /* en */,
			);
			name = ViewController.xib;
			sourceTree = "<group>";
		};
/* End PBXVariantGroup section */

/* Begin XCBuildConfiguration section */
		CEF5B40A172A9CF000230940 /* Debug */ = {
			isa = XCBuildConfiguration;
			buildSettings = {
				ALWAYS_SEARCH_USER_PATHS = NO;
				ARCHS = "$(ARCHS_STANDARD_32_BIT)";
				CLANG_ENABLE_OBJC_ARC = YES;
				"CODE_SIGN_IDENTITY[sdk=iphoneos*]" = "iPhone Developer";
				COPY_PHASE_STRIP = NO;
				GCC_C_LANGUAGE_STANDARD = gnu99;
				GCC_DYNAMIC_NO_PIC = NO;
				GCC_OPTIMIZATION_LEVEL = 0;
				GCC_PREPROCESSOR_DEFINITIONS = (
					"DEBUG=1",
					"$(inherited)",
				);
				GCC_SYMBOLS_PRIVATE_EXTERN = NO;
				GCC_VERSION = com.apple.compilers.llvm.clang.1_0;
				GCC_WARN_ABOUT_MISSING_PROTOTYPES = YES;
				GCC_WARN_ABOUT_RETURN_TYPE = YES;
				GCC_WARN_UNUSED_VARIABLE = YES;
				IPHONEOS_DEPLOYMENT_TARGET = 5.0;
				SDKROOT = iphoneos;
			};
			name = Debug;
		};
		CEF5B40B172A9CF000230940 /* Release */ = {
			isa = XCBuildConfiguration;
			buildSettings = {
				ALWAYS_SEARCH_USER_PATHS = NO;
				ARCHS = "$(ARCHS_STANDARD_32_BIT)";
				CLANG_ENABLE_OBJC_ARC = YES;
				"CODE_SIGN_IDENTITY[sdk=iphoneos*]" = "iPhone Developer";
				COPY_PHASE_STRIP = YES;
				GCC_C_LANGUAGE_STANDARD = gnu99;
				GCC_VERSION = com.apple.compilers.llvm.clang.1_0;
				GCC_WARN_ABOUT_MISSING_PROTOTYPES = YES;
				GCC_WARN_ABOUT_RETURN_TYPE = YES;
				GCC_WARN_UNUSED_VARIABLE = YES;
				IPHONEOS_DEPLOYMENT_TARGET = 5.0;
				OTHER_CFLAGS = "-DNS_BLOCK_ASSERTIONS=1";
				SDKROOT = iphoneos;
				VALIDATE_PRODUCT = YES;
			};
			name = Release;
		};
		CEF5B40D172A9CF000230940 /* Debug */ = {
			isa = XCBuildConfiguration;
			buildSettings = {
				GCC_PRECOMPILE_PREFIX_HEADER = YES;
				GCC_PREFIX_HEADER = "Split string/Split string-Prefix.pch";
				INFOPLIST_FILE = "Split string/Split string-Info.plist";
				IPHONEOS_DEPLOYMENT_TARGET = 5.0;
				PRODUCT_NAME = "$(TARGET_NAME)";
				WRAPPER_EXTENSION = app;
			};
			name = Debug;
		};
		CEF5B40E172A9CF000230940 /* Release */ = {
			isa = XCBuildConfiguration;
			buildSettings = {
				GCC_PRECOMPILE_PREFIX_HEADER = YES;
				GCC_PREFIX_HEADER = "Split string/Split string-Prefix.pch";
				INFOPLIST_FILE = "Split string/Split string-Info.plist";
				IPHONEOS_DEPLOYMENT_TARGET = 5.0;
				PRODUCT_NAME = "$(TARGET_NAME)";
				WRAPPER_EXTENSION = app;
			};
			name = Release;
		};
/* End XCBuildConfiguration section */

/* Begin XCConfigurationList section */
		CEF5B3E8172A9CEF00230940 /* Build configuration list for PBXProject "Split string" */ = {
			isa = XCConfigurationList;
			buildConfigurations = (
				CEF5B40A172A9CF000230940 /* Debug */,
				CEF5B40B172A9CF000230940 /* Release */,
			);
			defaultConfigurationIsVisible = 0;
			defaultConfigurationName = Release;
		};
		CEF5B40C172A9CF000230940 /* Build configuration list for PBXNativeTarget "Split string" */ = {
			isa = XCConfigurationList;
			buildConfigurations = (
				CEF5B40D172A9CF000230940 /* Debug */,
				CEF5B40E172A9CF000230940 /* Release */,
			);
			defaultConfigurationIsVisible = 0;
			defaultConfigurationName = Release;
		};
/* End XCConfigurationList section */
	};
	rootObject = CEF5B3E5172A9CEF00230940 /* Project object */;
}
